
Microsoft Visual Studio Solution File, Format Version 12.00
# Visual Studio Version 17
VisualStudioVersion = 17.6.33712.159
MinimumVisualStudioVersion = 10.0.40219.1
Project("{FAE04EC0-301F-11D3-BF4B-00C04F79EFBC}") = "Timashkov Dmitry", "Timashkov Dmitry\Timashkov Dmitry.csproj", "{DDA61689-5330-4038-BCBF-E1F7D6BDDE02}"
EndProject
Project("{FAE04EC0-301F-11D3-BF4B-00C04F79EFBC}") = "2 zd 1 model", "2 zd 1 model\2 zd 1 model.csproj", "{D8ED8F39-C495-48C5-B979-0F3B9EA243CD}"
EndProject
Project("{FAE04EC0-301F-11D3-BF4B-00C04F79EFBC}") = "3 zd 1 model", "3 zd 1 model\3 zd 1 model.csproj", "{CD7B2B81-FD50-40DD-BF4F-ABBA1BB96B86}"
EndProject
Project("{FAE04EC0-301F-11D3-BF4B-00C04F79EFBC}") = "4 zd 1 model", "4 zd 1 model\4 zd 1 model.csproj", "{A2CD8805-4732-409C-B1AD-D349923A748A}"
EndProject
Project("{FAE04EC0-301F-11D3-BF4B-00C04F79EFBC}") = "5 zd 1 model", "5 zd 1 model\5 zd 1 model.csproj", "{E84120CA-B0CB-47FD-95A1-F415CE6AA7BB}"
EndProject
Global
	GlobalSection(SolutionConfigurationPlatforms) = preSolution
		Debug|Any CPU = Debug|Any CPU
		Release|Any CPU = Release|Any CPU
	EndGlobalSection
	GlobalSection(ProjectConfigurationPlatforms) = postSolution
		{DDA61689-5330-4038-BCBF-E1F7D6BDDE02}.Debug|Any CPU.ActiveCfg = Debug|Any CPU
		{DDA61689-5330-4038-BCBF-E1F7D6BDDE02}.Debug|Any CPU.Build.0 = Debug|Any CPU
		{DDA61689-5330-4038-BCBF-E1F7D6BDDE02}.Release|Any CPU.ActiveCfg = Release|Any CPU
		{DDA61689-5330-4038-BCBF-E1F7D6BDDE02}.Release|Any CPU.Build.0 = Release|Any CPU
		{D8ED8F39-C495-48C5-B979-0F3B9EA243CD}.Debug|Any CPU.ActiveCfg = Debug|Any CPU
		{D8ED8F39-C495-48C5-B979-0F3B9EA243CD}.Debug|Any CPU.Build.0 = Debug|Any CPU
		{D8ED8F39-C495-48C5-B979-0F3B9EA243CD}.Release|Any CPU.ActiveCfg = Release|Any CPU
		{D8ED8F39-C495-48C5-B979-0F3B9EA243CD}.Release|Any CPU.Build.0 = Release|Any CPU
		{CD7B2B81-FD50-40DD-BF4F-ABBA1BB96B86}.Debug|Any CPU.ActiveCfg = Debug|Any CPU
		{CD7B2B81-FD50-40DD-BF4F-ABBA1BB96B86}.Debug|Any CPU.Build.0 = Debug|Any CPU
		{CD7B2B81-FD50-40DD-BF4F-ABBA1BB96B86}.Release|Any CPU.ActiveCfg = Release|Any CPU
		{CD7B2B81-FD50-40DD-BF4F-ABBA1BB96B86}.Release|Any CPU.Build.0 = Release|Any CPU
		{A2CD8805-4732-409C-B1AD-D349923A748A}.Debug|Any CPU.ActiveCfg = Debug|Any CPU
		{A2CD8805-4732-409C-B1AD-D349923A748A}.Debug|Any CPU.Build.0 = Debug|Any CPU
		{A2CD8805-4732-409C-B1AD-D349923A748A}.Release|Any CPU.ActiveCfg = Release|Any CPU
		{A2CD8805-4732-409C-B1AD-D349923A748A}.Release|Any CPU.Build.0 = Release|Any CPU
		{E84120CA-B0CB-47FD-95A1-F415CE6AA7BB}.Debug|Any CPU.ActiveCfg = Debug|Any CPU
		{E84120CA-B0CB-47FD-95A1-F415CE6AA7BB}.Debug|Any CPU.Build.0 = Debug|Any CPU
		{E84120CA-B0CB-47FD-95A1-F415CE6AA7BB}.Release|Any CPU.ActiveCfg = Release|Any CPU
		{E84120CA-B0CB-47FD-95A1-F415CE6AA7BB}.Release|Any CPU.Build.0 = Release|Any CPU
	EndGlobalSection
	GlobalSection(SolutionProperties) = preSolution
		HideSolutionNode = FALSE
	EndGlobalSection
	GlobalSection(ExtensibilityGlobals) = postSolution
		SolutionGuid = {02105135-2E9A-4596-9A25-B0505C7FD83B}
	EndGlobalSection
EndGlobal
